{
  "experiment_lock_sha256": "798ba1b49d7511e116a5c682ccfa501232f64ba7ab108c2407dc5f10771c55cf",
  "config_digest": "bbb269650cca515d47a33cd90a9603b17b6087a81bdf9ef914094eee70e5fcc7",
  "code_version": "0.2.0+g2439ed0",
  "recipe": [
    {
      "name": "select_beams",
      "params": {
        "__type__": "BeamSelection",
        "rsg": 0.9,
        "dsg": 0.0015,
        "integration": {
          "__type__": "IntegrationGeometry",
          "semiangle": 1.0,
          "geometry": "continuous_rotation"
        }
      }
    },
    {
      "name": "build_orientation_plans",
      "params": null
    },
    {
      "name": "integrate_rocking_curve",
      "params": {
        "__type__": "RockingCurve",
        "sampling": 42,
        "integration": {
          "__type__": "IntegrationGeometry",
          "semiangle": 1.0,
          "geometry": "continuous_rotation"
        }
      }
    },
    {
      "name": "mosaicity",
      "params": {
        "__type__": "Mosaicity",
        "window": 5
      }
    },
    {
      "name": "fit_orientation",
      "params": {
        "search": {
          "__type__": "HexagonalSearch",
          "max_search_angle": 0.4,
          "min_search_angle": 0.001,
          "n_steps": 6,
          "max_iterations": 2000
        },
        "coupling": {
          "__type__": "TrialCoupling",
          "policy": {
            "__type__": "TiltSegmentUnion",
            "n_splits": 12,
            "g_max": 2.25,
            "sg_max": 0.01
          },
          "scored": {
            "__type__": "ScoredSelection",
            "klar": {
              "__type__": "BeamSelection",
              "rsg": 0.9,
              "dsg": 0.0015,
              "integration": {
                "__type__": "IntegrationGeometry",
                "semiangle": 1.0,
                "geometry": "continuous_rotation"
              }
            },
            "g_max": 1.6
          }
        }
      }
    },
    {
      "name": "fit_thickness",
      "params": {
        "__type__": "ThicknessGrid",
        "min_thickness": 5.0,
        "max_thickness": 2000.0,
        "n_steps": 100
      }
    }
  ],
  "plan": {
    "path": "plan.npz",
    "sha256": "a713f232ae372fde5b9106bca8b039b66817b79260bd51bc9682a1ade82fb708",
    "bytes": 1030128,
    "media_type": "application/octet-stream"
  }
}
