{
  "experiment_lock_sha256": "798ba1b49d7511e116a5c682ccfa501232f64ba7ab108c2407dc5f10771c55cf",
  "config_digest": "8d978a087dc8db8136e33a8a5fd0e8ac9b5e4bc7225a141e0f4256a98ba77af5",
  "code_version": "0.2.0+gba75224.dirty",
  "recipe": [
    {
      "name": "select_beams",
      "params": {
        "__type__": "BeamSelection",
        "rsg": 0.9,
        "dsg": 0.0015,
        "integration": {
          "__type__": "IntegrationGeometry",
          "semiangle": 1.0,
          "geometry": "continuous_rotation"
        }
      }
    },
    {
      "name": "build_orientation_plans",
      "params": null
    },
    {
      "name": "integrate_rocking_curve",
      "params": {
        "__type__": "RockingCurve",
        "sampling": 42,
        "integration": {
          "__type__": "IntegrationGeometry",
          "semiangle": 1.0,
          "geometry": "continuous_rotation"
        }
      }
    },
    {
      "name": "mosaicity",
      "params": {
        "__type__": "Mosaicity",
        "window": 5
      }
    },
    {
      "name": "fit_orientation",
      "params": {
        "search": {
          "__type__": "HexagonalSearch",
          "max_search_angle": 0.4,
          "min_search_angle": 0.001,
          "n_steps": 6,
          "max_iterations": 2000
        },
        "coupling": {
          "__type__": "TrialCoupling",
          "policy": {
            "__type__": "SegmentedUnionCoupling",
            "fixed_n_segments": 12,
            "g_max": 2.25,
            "sg_max": 0.01,
            "union_adaptive": false,
            "union_max_new_beams_pct": 0.01
          },
          "scored": {
            "__type__": "ScoredHklSelection",
            "klar": {
              "__type__": "BeamSelection",
              "rsg": 0.9,
              "dsg": 0.0015,
              "integration": {
                "__type__": "IntegrationGeometry",
                "semiangle": 1.0,
                "geometry": "continuous_rotation"
              }
            },
            "g_max": 1.6
          }
        }
      }
    },
    {
      "name": "fit_thickness",
      "params": {
        "__type__": "ThicknessGrid",
        "min_thickness": 5.0,
        "max_thickness": 2000.0,
        "n_steps": 100
      }
    }
  ],
  "plan": {
    "path": "plan.npz",
    "sha256": "4d4eaf9b65f9e1e4a38a93c43b945e0e3891ee433fe42664ab60d634a686a352",
    "bytes": 1049181,
    "media_type": "application/octet-stream"
  }
}
