{
  "structure": {
    "ref": "enantiomer_1.cif",
    "sha256": "4a1ed50ae8eff95b652e49a872979f4dca19bf77b2b34fa14be2ebc06b0bb306",
    "bytes": 942
  },
  "experimental_data": {
    "ref": "exp_data.cif_pets",
    "sha256": "96c730df000c9c218a9e2ea259f03361775038b2ea36c07274de0c6b5e4770f4",
    "bytes": 303151
  },
  "ignored_rotations": [],
  "config_digest": "01c04b0bd39f922628405b9ab7e99818f0a289f719a00cb54df8d7f7f4f57485",
  "code_version": "0.2.0+g9b7d363.dirty",
  "recipe": [
    {
      "name": "select_beams",
      "params": {
        "__type__": "BeamSelection",
        "rsg": 0.9,
        "dsg": 0.0015,
        "integration": {
          "__type__": "IntegrationGeometry",
          "semiangle": 1.0,
          "geometry": "continuous_rotation"
        }
      }
    },
    {
      "name": "build_orientation_plans",
      "params": null
    },
    {
      "name": "integrate_rocking_curve",
      "params": {
        "__type__": "RockingCurve",
        "sampling": 42,
        "integration": {
          "__type__": "IntegrationGeometry",
          "semiangle": 1.0,
          "geometry": "continuous_rotation"
        }
      }
    },
    {
      "name": "mosaicity",
      "params": {
        "__type__": "Mosaicity",
        "window": 5
      }
    },
    {
      "name": "fit_orientation",
      "params": {
        "search": {
          "__type__": "HexagonalSearch",
          "max_search_angle": 0.4,
          "min_search_angle": 0.001,
          "n_steps": 6,
          "max_iterations": 2000
        },
        "coupling": {
          "__type__": "TrialCoupling",
          "policy": {
            "__type__": "SegmentedUnionCoupling",
            "fixed_n_segments": 12,
            "g_max": 2.25,
            "sg_max": 0.01,
            "union_adaptive": false,
            "union_max_new_beams_pct": 0.01
          },
          "scored": {
            "__type__": "ScoredHklSelection",
            "klar": {
              "__type__": "BeamSelection",
              "rsg": 0.9,
              "dsg": 0.0015,
              "integration": {
                "__type__": "IntegrationGeometry",
                "semiangle": 1.0,
                "geometry": "continuous_rotation"
              }
            },
            "g_max": 1.6
          }
        }
      }
    },
    {
      "name": "fit_thickness",
      "params": {
        "__type__": "ThicknessGrid",
        "min_thickness": 5.0,
        "max_thickness": 2000.0,
        "n_steps": 100
      }
    }
  ],
  "plan": {
    "path": "reproducibility/plan.exp_data.npz",
    "sha256": "c25d94f72d0c70c1e5b57b5dd0a9cbd989a2f9210c172aaa7ca30a0b8f80fdd3",
    "bytes": 1049585,
    "media_type": "application/octet-stream"
  }
}
