{
  "structure": {
    "ref": "experimental_paper_files/enantiomer_1.cif",
    "sha256": "4a1ed50ae8eff95b652e49a872979f4dca19bf77b2b34fa14be2ebc06b0bb306",
    "bytes": 942
  },
  "experimental_data": {
    "ref": "quartz.cif_pets",
    "sha256": "2183faaa402123297df03b54a0af4b025c61a66a22e18833c73acd3d2f6003be",
    "bytes": 304176
  },
  "authoritative_cell": [
    4.9226,
    4.9226,
    5.4003,
    90.0,
    90.0,
    120.0
  ],
  "ignored_rotations": [],
  "config_digest": "94c4713c744377a7c7289b2f5817ed87ed1bb60d74a353f4dd796e2d2dac0a5f",
  "code_version": "0.2.0+g4ee4e62.dirty",
  "recipe": [
    {
      "name": "build_orientation_plans",
      "params": {
        "rocking": {
          "__type__": "RockingCurve",
          "sampling": 42,
          "integration": {
            "__type__": "IntegrationGeometry",
            "semiangle": 1.0,
            "geometry": "continuous_rotation"
          }
        },
        "mosaicity": null,
        "coupling": {
          "__type__": "UnionCoupling",
          "fixed_n_segments": 12,
          "g_max": 2.0,
          "sg_max": 0.01,
          "union_adaptive": true,
          "union_max_new_beams_pct": 0.01
        },
        "scoring_selection": {
          "__type__": "BeamSelection",
          "rsg": 0.9,
          "dsg": 0.0015,
          "integration": {
            "__type__": "IntegrationGeometry",
            "semiangle": 1.0,
            "geometry": "continuous_rotation"
          }
        }
      }
    },
    {
      "name": "optimize_orientation",
      "params": {
        "search": {
          "__type__": "NelderMeadSearch",
          "step_size": 1.0,
          "max_iterations": 60,
          "x_tolerance": 0.001,
          "f_tolerance": 0.001,
          "penalize_fewer_reflections": true,
          "smooth_polynomial": false
        },
        "coupling": {
          "__type__": "TrialCoupling",
          "policy": {
            "__type__": "UnionCoupling",
            "fixed_n_segments": 12,
            "g_max": 2.0,
            "sg_max": 0.01,
            "union_adaptive": true,
            "union_max_new_beams_pct": 0.01
          },
          "scored": {
            "__type__": "ScoredHklSelection",
            "klar": {
              "__type__": "BeamSelection",
              "rsg": 0.9,
              "dsg": 0.0015,
              "integration": {
                "__type__": "IntegrationGeometry",
                "semiangle": 1.0,
                "geometry": "continuous_rotation"
              }
            },
            "g_max": 2.0
          }
        },
        "absorption": {
          "__type__": "Absorption",
          "enabled": false
        }
      }
    }
  ],
  "plan": {
    "path": "reproducibility/plan.quartz.npz",
    "sha256": "8261946611fe423d15a0eb5179a68a295c7e28a3f634a100ed95968e470a9f60",
    "bytes": 557393,
    "media_type": "application/octet-stream"
  }
}
