{
  "plan_lock_sha256s": [
    "3873d88a67225c9d3281a99e8d5c8b73ec12b069906038ab3f1a4bba464ef910"
  ],
  "refinement_config_digest": "a243b2754e5901dd2142ef6ed0748e1368137c502c177a28c63e4004f9c686f5",
  "code_version": "0.2.0rc1",
  "refined_structure": {
    "path": "refined_structure.cif",
    "sha256": "ee1092ab6eea30d1139ebf012d8513d20032e93ac507b0faa8f4ae140dfe73d6",
    "bytes": 1022,
    "media_type": "chemical/x-cif"
  },
  "refined_parameters": {
    "path": "reproducibility/refined_parameters.npz",
    "sha256": "953112ce718b2bdfa47657cf5325c2c8070a75f9294dc00b34257a76fb3776f9",
    "bytes": 958,
    "media_type": "application/octet-stream"
  }
}
