{
  "plan_lock_sha256s": [
    "cb42823135c7c0f5f7ed600d267cde6163c4901f08228007d857d7978ffd35e9"
  ],
  "refinement_config_digest": "a243b2754e5901dd2142ef6ed0748e1368137c502c177a28c63e4004f9c686f5",
  "code_version": "0.2.0+g1bfdabc.dirty",
  "refined_structure": {
    "path": "refined_structure.cif",
    "sha256": "461552e03bcf94059193c3960700d5f555f6cf43bbf2875bebcf9b6780af4182",
    "bytes": 1022,
    "media_type": "chemical/x-cif"
  },
  "refined_parameters": {
    "path": "reproducibility/refined_parameters.npz",
    "sha256": "127cf58379e09b36ff8bf6acfc1d68c923414972016bb6a71f86ee979e019ff4",
    "bytes": 956,
    "media_type": "application/octet-stream"
  }
}
