{
  "plan_lock_sha256": "e59f8368480ce9546353bac5b1df2f41e5c47ebaf4477282538fa9b51776bfe7",
  "refinement_config_digest": "caa7bda5643b5127638ce3f45774b2e74e964d00db4cf8877f4da8967b9aefb3",
  "code_version": "0.2.0+g62abb08.dirty",
  "refined_structure": {
    "path": "refined_structure.cif",
    "sha256": "0ee03578a7be266f567dfcdb200f370dc0cc47af8d760c304230fe7125b84dee",
    "bytes": 1017,
    "media_type": "chemical/x-cif"
  },
  "refined_parameters": {
    "path": "refined_parameters.npz",
    "sha256": "ffa75d5d57bf3448eec4e31dc67bd01f7734aab0e62d3796ddd753200755a1ce",
    "bytes": 958,
    "media_type": "application/octet-stream"
  }
}
