{
  "experiment_lock_sha256": "57bfc48b59ae1614ed850c719ece0cfb0639393e269ec9a556d43b23ac81b129",
  "config_digest": "a3c8cc90147e3280df34ba67359f0b1b81cc38352eb6ff8a00faaca1a6ea216e",
  "code_version": "0.2.0",
  "recipe": [
    {
      "name": "select_beams",
      "params": {
        "__type__": "BeamSelection",
        "rsg": 0.6,
        "dsg": 0.0025,
        "integration": {
          "__type__": "IntegrationGeometry",
          "semiangle": 1.422,
          "geometry": "continuous_rotation"
        }
      }
    },
    {
      "name": "build_orientation_plans",
      "params": null
    },
    {
      "name": "integrate_rocking_curve",
      "params": {
        "__type__": "RockingCurve",
        "sampling": 30,
        "integration": {
          "__type__": "IntegrationGeometry",
          "semiangle": 1.422,
          "geometry": "continuous_rotation"
        }
      }
    },
    {
      "name": "mosaicity",
      "params": {
        "__type__": "Mosaicity",
        "window": 5
      }
    },
    {
      "name": "fit_orientation",
      "params": {
        "search": {
          "__type__": "HexagonalSearch",
          "max_search_angle": 0.4,
          "min_search_angle": 0.001,
          "n_steps": 6,
          "max_iterations": 2000
        },
        "coupling": {
          "__type__": "TrialCoupling",
          "policy": {
            "__type__": "TiltSegmentUnion",
            "n_splits": 4,
            "g_max": 1.5,
            "cap_margin": 0.2,
            "sg_max": 0.02
          },
          "scored": {
            "__type__": "ScoredSelection",
            "klar": {
              "__type__": "BeamSelection",
              "rsg": 0.6,
              "dsg": 0.0025,
              "integration": {
                "__type__": "IntegrationGeometry",
                "semiangle": 1.422,
                "geometry": "continuous_rotation"
              }
            },
            "g_max": 1.0
          }
        }
      }
    },
    {
      "name": "fit_thickness",
      "params": {
        "__type__": "ThicknessGrid",
        "min_thickness": 5.0,
        "max_thickness": 2000.0,
        "n_steps": 100
      }
    }
  ],
  "plan": {
    "path": "plan.npz",
    "sha256": "7fbb36a3ba23938efbedae426be9f1c03b77fdba1dfb0b8dd60249cd63944e96",
    "bytes": 645067,
    "media_type": "application/octet-stream"
  }
}
