{
  "experiment_lock_sha256": "57bfc48b59ae1614ed850c719ece0cfb0639393e269ec9a556d43b23ac81b129",
  "config_digest": "6e6a2c65c7864458b0967283cefe63807d4f05f032061304e37ec7c1cecd3d5f",
  "code_version": "0.2.0",
  "recipe": [
    {
      "name": "select_beams",
      "params": {
        "__type__": "BeamSelection",
        "rsg": 0.6,
        "dsg": 0.0025,
        "integration": {
          "__type__": "IntegrationGeometry",
          "semiangle": 1.422,
          "geometry": "continuous_rotation"
        }
      }
    },
    {
      "name": "build_orientation_plans",
      "params": null
    },
    {
      "name": "integrate_rocking_curve",
      "params": {
        "__type__": "RockingCurve",
        "sampling": 30,
        "integration": {
          "__type__": "IntegrationGeometry",
          "semiangle": 1.422,
          "geometry": "continuous_rotation"
        }
      }
    },
    {
      "name": "mosaicity",
      "params": {
        "__type__": "Mosaicity",
        "window": 5
      }
    },
    {
      "name": "fit_orientation",
      "params": {
        "search": {
          "__type__": "HexagonalSearch",
          "max_search_angle": 0.4,
          "min_search_angle": 0.001,
          "n_steps": 6,
          "max_iterations": 2000
        },
        "coupling": {
          "__type__": "TrialCoupling",
          "policy": {
            "__type__": "TiltSegmentUnion",
            "n_splits": 4,
            "g_max": 1.5,
            "sg_max": 0.02,
            "union_adaptive": false,
            "union_max_new_beams_pct": 0.01
          },
          "scored": {
            "__type__": "ScoredSelection",
            "klar": {
              "__type__": "BeamSelection",
              "rsg": 0.6,
              "dsg": 0.0025,
              "integration": {
                "__type__": "IntegrationGeometry",
                "semiangle": 1.422,
                "geometry": "continuous_rotation"
              }
            },
            "g_max": 1.0
          }
        }
      }
    },
    {
      "name": "fit_thickness",
      "params": {
        "__type__": "ThicknessGrid",
        "min_thickness": 5.0,
        "max_thickness": 2000.0,
        "n_steps": 100
      }
    }
  ],
  "plan": {
    "path": "plan.npz",
    "sha256": "73884d61637b565ca29e8455f9e4a9de58b1d43ee9a9b0b46fc8e0ee46ee7ad9",
    "bytes": 753037,
    "media_type": "application/octet-stream"
  }
}
