{
  "plan_lock_sha256s": [
    "8d4933440e03dfe4b140f2a38f35bcc9012b3193b24d6f88950d2b7e85964132"
  ],
  "refinement_config_digest": "0bbad6475bebc0a62b0e26c915a6072d5f0243c3fd1d0071a29be8c7aaf830a0",
  "code_version": "0.2.0+g4ee4e62.dirty",
  "refined_structure": {
    "path": "refined_structure.cif",
    "sha256": "1f2786ae167d2701954e708fe9fec177ecfaa59dd9b0d2e09b60a9012d6dc11c",
    "bytes": 1635,
    "media_type": "chemical/x-cif"
  },
  "refined_parameters": {
    "path": "reproducibility/refined_parameters.npz",
    "sha256": "c858f8b5d71e5cbfc7aa02e2531a90a50777871cea4c01b17fb1c5a8398b25cb",
    "bytes": 1053,
    "media_type": "application/octet-stream"
  }
}
