{
  "structure": {
    "ref": "borane_IAM_4.cif",
    "sha256": "20fcecead2d1b91a0b49e9a39d0105a68c819b41f00c7db93847f0f902692cf4",
    "bytes": 4109
  },
  "experimental_data": {
    "ref": "borane_dyn_final_16.cif_pets",
    "sha256": "97a68fd0c9b3e49d0c0091bad85950f38b4e371526a38c92d9d092d2bf46efa2",
    "bytes": 1420327
  },
  "authoritative_cell": [
    10.76474,
    11.99995,
    10.72584,
    89.99999,
    89.99998,
    90.00002
  ],
  "ignored_rotations": [],
  "config_digest": "c9d3603ebde0703c101236d8a2ad31115ca62b16b05fcb2383e6464b5ec6c9fa",
  "code_version": "0.2.0+g1bfdabc.dirty",
  "recipe": [
    {
      "name": "build_orientation_plans",
      "params": {
        "rocking": {
          "__type__": "RockingCurve",
          "sampling": 125,
          "integration": {
            "__type__": "IntegrationGeometry",
            "semiangle": 1.35,
            "geometry": "continuous_rotation"
          }
        },
        "mosaicity": null,
        "coupling": {
          "__type__": "UnionCoupling",
          "fixed_n_segments": 12,
          "g_max": 1.9,
          "sg_max": 0.01,
          "union_adaptive": true,
          "union_max_new_beams_pct": 0.01
        },
        "scoring_selection": {
          "__type__": "BeamSelection",
          "rsg": 0.66,
          "dsg": 0.0,
          "integration": {
            "__type__": "IntegrationGeometry",
            "semiangle": 1.35,
            "geometry": "continuous_rotation"
          }
        }
      }
    },
    {
      "name": "optimize_orientation",
      "params": {
        "search": {
          "__type__": "NelderMeadSearch",
          "step_size": 1.0,
          "max_iterations": 60,
          "x_tolerance": 0.001,
          "f_tolerance": 0.001,
          "penalize_fewer_reflections": true
        },
        "coupling": {
          "__type__": "TrialCoupling",
          "policy": {
            "__type__": "UnionCoupling",
            "fixed_n_segments": 12,
            "g_max": 1.9,
            "sg_max": 0.01,
            "union_adaptive": true,
            "union_max_new_beams_pct": 0.01
          },
          "scored": {
            "__type__": "ScoredHklSelection",
            "klar": {
              "__type__": "BeamSelection",
              "rsg": 0.66,
              "dsg": 0.0,
              "integration": {
                "__type__": "IntegrationGeometry",
                "semiangle": 1.35,
                "geometry": "continuous_rotation"
              }
            },
            "g_max": 1.9
          }
        },
        "absorption": {
          "__type__": "Absorption",
          "enabled": true
        }
      }
    }
  ],
  "plan": {
    "path": "reproducibility/plan.borane_dyn_final_16.npz",
    "sha256": "3c389a24238fe6d08f8baf68062bda56c45a38d55bb4e34919c83b19dc520495",
    "bytes": 977266,
    "media_type": "application/octet-stream"
  }
}
