{
  "plan_lock_sha256s": [
    "be5b9255f27ffa54910cc52ead880d9a839eb9c6c0cca512806e1697afea312b"
  ],
  "refinement_config_digest": "ccaf79507580cae39620f50a49809303d339930c112787cf6155a51a85f1c872",
  "code_version": "0.2.0rc1",
  "refined_structure": {
    "path": "refined_structure.cif",
    "sha256": "28c714e6fbe43191d7d64f207e4363d4f12143003f61300350ba4d57faf6728e",
    "bytes": 4364,
    "media_type": "chemical/x-cif"
  },
  "refined_parameters": {
    "path": "reproducibility/refined_parameters.npz",
    "sha256": "22038ce5ccddf81658a45d2ada9fccfcf7d542efe1ea1dd34b98a109bedf3015",
    "bytes": 2343,
    "media_type": "application/octet-stream"
  }
}
