{
  "plan_lock_sha256s": [
    "b3bf8fc2a4940572daf66a6ce5ae2d810f3c32e307c44ffbb6ff0fe23a03cd8c"
  ],
  "refinement_config_digest": "5f6bc865777fd2ba73603614d5333d0791f9f3b6ea6a0b5d8bb72b3cdb68ce86",
  "code_version": "0.2.0+g4ee4e62.dirty",
  "refined_structure": {
    "path": "refined_structure.cif",
    "sha256": "068de7c4dd787803e7050a77bd4fac8145b8887b35fb22b7fa202d093ae3a25a",
    "bytes": 4359,
    "media_type": "chemical/x-cif"
  },
  "refined_parameters": {
    "path": "reproducibility/refined_parameters.npz",
    "sha256": "eeb38a9b89fe950e712349b233f6303189c823c5a947508235582889ad516a60",
    "bytes": 2344,
    "media_type": "application/octet-stream"
  }
}
