{
  "plan_lock_sha256": "01f1789f36482875dc8d64d1375bdb5c415d34266d8992d4e21cb2509004ee06",
  "refinement_config_digest": "39b7ef4cda3cbba95471fd9fb3f944aa335eb770776d73d5e84a5d830d6d3bd9",
  "code_version": "0.2.0+g4b56a25.dirty",
  "refined_structure": {
    "path": "refined_structure.cif",
    "sha256": "a25999a2d9c3393d26f2d311db48494b4afb0a9fb3bdf3a1723150f2a508b55a",
    "bytes": 1614,
    "media_type": "chemical/x-cif"
  },
  "refined_parameters": {
    "path": "refined_parameters.npz",
    "sha256": "34ee67d1012d6c5665c66594bf22befd17d8c079046f814ee666b52faaee55af",
    "bytes": 1051,
    "media_type": "application/octet-stream"
  }
}
