{
  "plan_lock_sha256": "c7f9fde013089dab1e538a812201cd717e68d78db56ebacd05d2d0e484f8f127",
  "refinement_config_digest": "5ea6cc578f5c03dc901aaab505e9da00e5bc7c2b41cddc01fffaebe4cf096b23",
  "code_version": "0.2.0+g62abb08.dirty",
  "refined_structure": {
    "path": "refined_structure.cif",
    "sha256": "c4d338888fdf009fc4c4a3224eda1e6de8875079f4576427812f73806ccd8bed",
    "bytes": 1613,
    "media_type": "chemical/x-cif"
  },
  "refined_parameters": {
    "path": "refined_parameters.npz",
    "sha256": "98ae7e25f3ef26658454473f15ea21132d47171070dc60a3494b8b6608b48d61",
    "bytes": 1052,
    "media_type": "application/octet-stream"
  }
}
