{
  "plan_lock_sha256": "ab468c7461b5a957559fd3e0d2bb1357d2166fc7eee8d082a996908fa5f678e3",
  "refinement_config_digest": "5ea6cc578f5c03dc901aaab505e9da00e5bc7c2b41cddc01fffaebe4cf096b23",
  "code_version": "0.2.0+g62abb08.dirty",
  "refined_structure": {
    "path": "refined_structure.cif",
    "sha256": "84dcb436c9ab18f3cc852336c90217d40a105d6fffcc13ee976b5e35d17d7b02",
    "bytes": 1611,
    "media_type": "chemical/x-cif"
  },
  "refined_parameters": {
    "path": "refined_parameters.npz",
    "sha256": "e13d56f200348f5b24a7b69c8b2f0fd7194910b00dc677185408520ec55fe621",
    "bytes": 1052,
    "media_type": "application/octet-stream"
  }
}
