{
  "plan_lock_sha256s": [
    "fd43eceb0f7e0b704fa9a7f6bf65acaa6d896f8250479897f9fa0475f7ecd7bd"
  ],
  "refinement_config_digest": "ccaf79507580cae39620f50a49809303d339930c112787cf6155a51a85f1c872",
  "code_version": "0.2.0rc1",
  "refined_structure": {
    "path": "refined_structure.cif",
    "sha256": "a83be2e1de2918cf815562b48ad8304e6b0dbc44f8b9b1dde8624b22b35db8b1",
    "bytes": 4375,
    "media_type": "chemical/x-cif"
  },
  "refined_parameters": {
    "path": "reproducibility/refined_parameters.npz",
    "sha256": "5216468cf7b0e00b6457cce1c361d5f52ab00890eef86d64c37d3255244009f4",
    "bytes": 2344,
    "media_type": "application/octet-stream"
  }
}
