{
  "plan_lock_sha256": "98ff745356dc16ba000469df0705bcbef0e8c8d54fd74c5b36d013a184039c94",
  "refinement_config_digest": "caa7bda5643b5127638ce3f45774b2e74e964d00db4cf8877f4da8967b9aefb3",
  "code_version": "0.2.0+g4b56a25.dirty",
  "refined_structure": {
    "path": "refined_structure.cif",
    "sha256": "84d688dba8ff327ce99f892278bcfce269d07d57e4872310905b68c8bba09c94",
    "bytes": 1019,
    "media_type": "chemical/x-cif"
  },
  "refined_parameters": {
    "path": "refined_parameters.npz",
    "sha256": "3d0ff2e8664337c0fe212a23a2275ac203855cf46ef861377900b35860352c0b",
    "bytes": 958,
    "media_type": "application/octet-stream"
  }
}
