{
  "plan_lock_sha256s": [
    "24c6e3a140ab37d2b718b580326efdead3cace5f2f88019c3667060277e70fe7"
  ],
  "refinement_config_digest": "1fd197b10fce0f31a3480a122a265921446566ff7a5ba64ca42b958b2c310fdb",
  "code_version": "0.2.0+g4ee4e62.dirty",
  "refined_structure": {
    "path": "refined_structure.cif",
    "sha256": "d9e4a8b42e41909d37ac7054621b7c6a620d4bc1f1e35f85b406f32d13ca9dad",
    "bytes": 1027,
    "media_type": "chemical/x-cif"
  },
  "refined_parameters": {
    "path": "reproducibility/refined_parameters.npz",
    "sha256": "8bed72f3c1c5e8a71c96b4ebdfec67ca2782b28aa28a6d14dc3c181cfaef35db",
    "bytes": 958,
    "media_type": "application/octet-stream"
  }
}
